// !$*UTF8*$!
{
	archiveVersion = 1;
	classes = {
	};
	objectVersion = 46;
	objects = {

/* Begin PBXBuildFile section */
		30C167161FAC698A00E4289D /* AppDelegate.swift in Sources */ = {isa = PBXBuildFile; fileRef = 30C167151FAC698A00E4289D /* AppDelegate.swift */; };
		30C167181FAC698A00E4289D /* ViewController.swift in Sources */ = {isa = PBXBuildFile; fileRef = 30C167171FAC698A00E4289D /* ViewController.swift */; };
		30C1671B1FAC698A00E4289D /* Main.storyboard in Resources */ = {isa = PBXBuildFile; fileRef = 30C167191FAC698A00E4289D /* Main.storyboard */; };
		30C1671D1FAC698A00E4289D /* Assets.xcassets in Resources */ = {isa = PBXBuildFile; fileRef = 30C1671C1FAC698A00E4289D /* Assets.xcassets */; };
		30C167201FAC698A00E4289D /* LaunchScreen.storyboard in Resources */ = {isa = PBXBuildFile; fileRef = 30C1671E1FAC698A00E4289D /* LaunchScreen.storyboard */; };
		30C1672B1FAC698A00E4289D /* WebviewTestTests.swift in Sources */ = {isa = PBXBuildFile; fileRef = 30C1672A1FAC698A00E4289D /* WebviewTestTests.swift */; };
		30C167361FAC698A00E4289D /* WebviewTestUITests.swift in Sources */ = {isa = PBXBuildFile; fileRef = 30C167351FAC698A00E4289D /* WebviewTestUITests.swift */; };
/* End PBXBuildFile section */

/* Begin PBXContainerItemProxy section */
		30C167271FAC698A00E4289D /* PBXContainerItemProxy */ = {
			isa = PBXContainerItemProxy;
			containerPortal = 30C1670A1FAC698A00E4289D /* Project object */;
			proxyType = 1;
			remoteGlobalIDString = 30C167111FAC698A00E4289D;
			remoteInfo = WebviewTest;
		};
		30C167321FAC698A00E4289D /* PBXContainerItemProxy */ = {
			isa = PBXContainerItemProxy;
			containerPortal = 30C1670A1FAC698A00E4289D /* Project object */;
			proxyType = 1;
			remoteGlobalIDString = 30C167111FAC698A00E4289D;
			remoteInfo = WebviewTest;
		};
/* End PBXContainerItemProxy section */

/* Begin PBXFileReference section */
		30C167121FAC698A00E4289D /* WebviewTest.app */ = {isa = PBXFileReference; explicitFileType = wrapper.application; includeInIndex = 0; path = WebviewTest.app; sourceTree = BUILT_PRODUCTS_DIR; };
		30C167151FAC698A00E4289D /* AppDelegate.swift */ = {isa = PBXFileReference; lastKnownFileType = sourcecode.swift; path = AppDelegate.swift; sourceTree = "<group>"; };
		30C167171FAC698A00E4289D /* ViewController.swift */ = {isa = PBXFileReference; lastKnownFileType = sourcecode.swift; path = ViewController.swift; sourceTree = "<group>"; };
		30C1671A1FAC698A00E4289D /* Base */ = {isa = PBXFileReference; lastKnownFileType = file.storyboard; name = Base; path = Base.lproj/Main.storyboard; sourceTree = "<group>"; };
		30C1671C1FAC698A00E4289D /* Assets.xcassets */ = {isa = PBXFileReference; lastKnownFileType = folder.assetcatalog; path = Assets.xcassets; sourceTree = "<group>"; };
		30C1671F1FAC698A00E4289D /* Base */ = {isa = PBXFileReference; lastKnownFileType = file.storyboard; name = Base; path = Base.lproj/LaunchScreen.storyboard; sourceTree = "<group>"; };
		30C167211FAC698A00E4289D /* Info.plist */ = {isa = PBXFileReference; lastKnownFileType = text.plist.xml; path = Info.plist; sourceTree = "<group>"; };
		30C167261FAC698A00E4289D /* WebviewTestTests.xctest */ = {isa = PBXFileReference; explicitFileType = wrapper.cfbundle; includeInIndex = 0; path = WebviewTestTests.xctest; sourceTree = BUILT_PRODUCTS_DIR; };
		30C1672A1FAC698A00E4289D /* WebviewTestTests.swift */ = {isa = PBXFileReference; lastKnownFileType = sourcecode.swift; path = WebviewTestTests.swift; sourceTree = "<group>"; };
		30C1672C1FAC698A00E4289D /* Info.plist */ = {isa = PBXFileReference; lastKnownFileType = text.plist.xml; path = Info.plist; sourceTree = "<group>"; };
		30C167311FAC698A00E4289D /* WebviewTestUITests.xctest */ = {isa = PBXFileReference; explicitFileType = wrapper.cfbundle; includeInIndex = 0; path = WebviewTestUITests.xctest; sourceTree = BUILT_PRODUCTS_DIR; };
		30C167351FAC698A00E4289D /* WebviewTestUITests.swift */ = {isa = PBXFileReference; lastKnownFileType = sourcecode.swift; path = WebviewTestUITests.swift; sourceTree = "<group>"; };
		30C167371FAC698A00E4289D /* Info.plist */ = {isa = PBXFileReference; lastKnownFileType = text.plist.xml; path = Info.plist; sourceTree = "<group>"; };
/* End PBXFileReference section */

/* Begin PBXFrameworksBuildPhase section */
		30C1670F1FAC698A00E4289D /* Frameworks */ = {
			isa = PBXFrameworksBuildPhase;
			buildActionMask = 2147483647;
			files = (
			);
			runOnlyForDeploymentPostprocessing = 0;
		};
		30C167231FAC698A00E4289D /* Frameworks */ = {
			isa = PBXFrameworksBuildPhase;
			buildActionMask = 2147483647;
			files = (
			);
			runOnlyForDeploymentPostprocessing = 0;
		};
		30C1672E1FAC698A00E4289D /* Frameworks */ = {
			isa = PBXFrameworksBuildPhase;
			buildActionMask = 2147483647;
			files = (
			);
			runOnlyForDeploymentPostprocessing = 0;
		};
/* End PBXFrameworksBuildPhase section */

/* Begin PBXGroup section */
		30C167091FAC698A00E4289D = {
			isa = PBXGroup;
			children = (
				30C167141FAC698A00E4289D /* WebviewTest */,
				30C167291FAC698A00E4289D /* WebviewTestTests */,
				30C167341FAC698A00E4289D /* WebviewTestUITests */,
				30C167131FAC698A00E4289D /* Products */,
			);
			sourceTree = "<group>";
		};
		30C167131FAC698A00E4289D /* Products */ = {
			isa = PBXGroup;
			children = (
				30C167121FAC698A00E4289D /* WebviewTest.app */,
				30C167261FAC698A00E4289D /* WebviewTestTests.xctest */,
				30C167311FAC698A00E4289D /* WebviewTestUITests.xctest */,
			);
			name = Products;
			sourceTree = "<group>";
		};
		30C167141FAC698A00E4289D /* WebviewTest */ = {
			isa = PBXGroup;
			children = (
				30C167151FAC698A00E4289D /* AppDelegate.swift */,
				30C167171FAC698A00E4289D /* ViewController.swift */,
				30C167191FAC698A00E4289D /* Main.storyboard */,
				30C1671C1FAC698A00E4289D /* Assets.xcassets */,
				30C1671E1FAC698A00E4289D /* LaunchScreen.storyboard */,
				30C167211FAC698A00E4289D /* Info.plist */,
			);
			path = WebviewTest;
			sourceTree = "<group>";
		};
		30C167291FAC698A00E4289D /* WebviewTestTests */ = {
			isa = PBXGroup;
			children = (
				30C1672A1FAC698A00E4289D /* WebviewTestTests.swift */,
				30C1672C1FAC698A00E4289D /* Info.plist */,
			);
			path = WebviewTestTests;
			sourceTree = "<group>";
		};
		30C167341FAC698A00E4289D /* WebviewTestUITests */ = {
			isa = PBXGroup;
			children = (
				30C167351FAC698A00E4289D /* WebviewTestUITests.swift */,
				30C167371FAC698A00E4289D /* Info.plist */,
			);
			path = WebviewTestUITests;
			sourceTree = "<group>";
		};
/* End PBXGroup section */

/* Begin PBXNativeTarget section */
		30C167111FAC698A00E4289D /* WebviewTest */ = {
			isa = PBXNativeTarget;
			buildConfigurationList = 30C1673A1FAC698A00E4289D /* Build configuration list for PBXNativeTarget "WebviewTest" */;
			buildPhases = (
				30C1670E1FAC698A00E4289D /* Sources */,
				30C1670F1FAC698A00E4289D /* Frameworks */,
				30C167101FAC698A00E4289D /* Resources */,
			);
			buildRules = (
			);
			dependencies = (
			);
			name = WebviewTest;
			productName = WebviewTest;
			productReference = 30C167121FAC698A00E4289D /* WebviewTest.app */;
			productType = "com.apple.product-type.application";
		};
		30C167251FAC698A00E4289D /* WebviewTestTests */ = {
			isa = PBXNativeTarget;
			buildConfigurationList = 30C1673D1FAC698A00E4289D /* Build configuration list for PBXNativeTarget "WebviewTestTests" */;
			buildPhases = (
				30C167221FAC698A00E4289D /* Sources */,
				30C167231FAC698A00E4289D /* Frameworks */,
				30C167241FAC698A00E4289D /* Resources */,
			);
			buildRules = (
			);
			dependencies = (
				30C167281FAC698A00E4289D /* PBXTargetDependency */,
			);
			name = WebviewTestTests;
			productName = WebviewTestTests;
			productReference = 30C167261FAC698A00E4289D /* WebviewTestTests.xctest */;
			productType = "com.apple.product-type.bundle.unit-test";
		};
		30C167301FAC698A00E4289D /* WebviewTestUITests */ = {
			isa = PBXNativeTarget;
			buildConfigurationList = 30C167401FAC698A00E4289D /* Build configuration list for PBXNativeTarget "WebviewTestUITests" */;
			buildPhases = (
				30C1672D1FAC698A00E4289D /* Sources */,
				30C1672E1FAC698A00E4289D /* Frameworks */,
				30C1672F1FAC698A00E4289D /* Resources */,
			);
			buildRules = (
			);
			dependencies = (
				30C167331FAC698A00E4289D /* PBXTargetDependency */,
			);
			name = WebviewTestUITests;
			productName = WebviewTestUITests;
			productReference = 30C167311FAC698A00E4289D /* WebviewTestUITests.xctest */;
			productType = "com.apple.product-type.bundle.ui-testing";
		};
/* End PBXNativeTarget section */

/* Begin PBXProject section */
		30C1670A1FAC698A00E4289D /* Project object */ = {
			isa = PBXProject;
			attributes = {
				LastSwiftUpdateCheck = 0830;
				LastUpgradeCheck = 0830;
				ORGANIZATIONNAME = wayou;
				TargetAttributes = {
					30C167111FAC698A00E4289D = {
						CreatedOnToolsVersion = 8.3.1;
						DevelopmentTeam = B2YA4S29RG;
						ProvisioningStyle = Automatic;
					};
					30C167251FAC698A00E4289D = {
						CreatedOnToolsVersion = 8.3.1;
						DevelopmentTeam = B2YA4S29RG;
						ProvisioningStyle = Automatic;
						TestTargetID = 30C167111FAC698A00E4289D;
					};
					30C167301FAC698A00E4289D = {
						CreatedOnToolsVersion = 8.3.1;
						DevelopmentTeam = B2YA4S29RG;
						ProvisioningStyle = Automatic;
						TestTargetID = 30C167111FAC698A00E4289D;
					};
				};
			};
			buildConfigurationList = 30C1670D1FAC698A00E4289D /* Build configuration list for PBXProject "WebviewTest" */;
			compatibilityVersion = "Xcode 3.2";
			developmentRegion = English;
			hasScannedForEncodings = 0;
			knownRegions = (
				en,
				Base,
			);
			mainGroup = 30C167091FAC698A00E4289D;
			productRefGroup = 30C167131FAC698A00E4289D /* Products */;
			projectDirPath = "";
			projectRoot = "";
			targets = (
				30C167111FAC698A00E4289D /* WebviewTest */,
				30C167251FAC698A00E4289D /* WebviewTestTests */,
				30C167301FAC698A00E4289D /* WebviewTestUITests */,
			);
		};
/* End PBXProject section */

/* Begin PBXResourcesBuildPhase section */
		30C167101FAC698A00E4289D /* Resources */ = {
			isa = PBXResourcesBuildPhase;
			buildActionMask = 2147483647;
			files = (
				30C167201FAC698A00E4289D /* LaunchScreen.storyboard in Resources */,
				30C1671D1FAC698A00E4289D /* Assets.xcassets in Resources */,
				30C1671B1FAC698A00E4289D /* Main.storyboard in Resources */,
			);
			runOnlyForDeploymentPostprocessing = 0;
		};
		30C167241FAC698A00E4289D /* Resources */ = {
			isa = PBXResourcesBuildPhase;
			buildActionMask = 2147483647;
			files = (
			);
			runOnlyForDeploymentPostprocessing = 0;
		};
		30C1672F1FAC698A00E4289D /* Resources */ = {
			isa = PBXResourcesBuildPhase;
			buildActionMask = 2147483647;
			files = (
			);
			runOnlyForDeploymentPostprocessing = 0;
		};
/* End PBXResourcesBuildPhase section */

/* Begin PBXSourcesBuildPhase section */
		30C1670E1FAC698A00E4289D /* Sources */ = {
			isa = PBXSourcesBuildPhase;
			buildActionMask = 2147483647;
			files = (
				30C167181FAC698A00E4289D /* ViewController.swift in Sources */,
				30C167161FAC698A00E4289D /* AppDelegate.swift in Sources */,
			);
			runOnlyForDeploymentPostprocessing = 0;
		};
		30C167221FAC698A00E4289D /* Sources */ = {
			isa = PBXSourcesBuildPhase;
			buildActionMask = 2147483647;
			files = (
				30C1672B1FAC698A00E4289D /* WebviewTestTests.swift in Sources */,
			);
			runOnlyForDeploymentPostprocessing = 0;
		};
		30C1672D1FAC698A00E4289D /* Sources */ = {
			isa = PBXSourcesBuildPhase;
			buildActionMask = 2147483647;
			files = (
				30C167361FAC698A00E4289D /* WebviewTestUITests.swift in Sources */,
			);
			runOnlyForDeploymentPostprocessing = 0;
		};
/* End PBXSourcesBuildPhase section */

/* Begin PBXTargetDependency section */
		30C167281FAC698A00E4289D /* PBXTargetDependency */ = {
			isa = PBXTargetDependency;
			target = 30C167111FAC698A00E4289D /* WebviewTest */;
			targetProxy = 30C167271FAC698A00E4289D /* PBXContainerItemProxy */;
		};
		30C167331FAC698A00E4289D /* PBXTargetDependency */ = {
			isa = PBXTargetDependency;
			target = 30C167111FAC698A00E4289D /* WebviewTest */;
			targetProxy = 30C167321FAC698A00E4289D /* PBXContainerItemProxy */;
		};
/* End PBXTargetDependency section */

/* Begin PBXVariantGroup section */
		30C167191FAC698A00E4289D /* Main.storyboard */ = {
			isa = PBXVariantGroup;
			children = (
				30C1671A1FAC698A00E4289D /* Base */,
			);
			name = Main.storyboard;
			sourceTree = "<group>";
		};
		30C1671E1FAC698A00E4289D /* LaunchScreen.storyboard */ = {
			isa = PBXVariantGroup;
			children = (
				30C1671F1FAC698A00E4289D /* Base */,
			);
			name = LaunchScreen.storyboard;
			sourceTree = "<group>";
		};
/* End PBXVariantGroup section */

/* Begin XCBuildConfiguration section */
		30C167381FAC698A00E4289D /* Debug */ = {
			isa = XCBuildConfiguration;
			buildSettings = {
				ALWAYS_SEARCH_USER_PATHS = NO;
				CLANG_ANALYZER_NONNULL = YES;
				CLANG_ANALYZER_NUMBER_OBJECT_CONVERSION = YES_AGGRESSIVE;
				CLANG_CXX_LANGUAGE_STANDARD = "gnu++0x";
				CLANG_CXX_LIBRARY = "libc++";
				CLANG_ENABLE_MODULES = YES;
				CLANG_ENABLE_OBJC_ARC = YES;
				CLANG_WARN_BOOL_CONVERSION = YES;
				CLANG_WARN_CONSTANT_CONVERSION = YES;
				CLANG_WARN_DIRECT_OBJC_ISA_USAGE = YES_ERROR;
				CLANG_WARN_DOCUMENTATION_COMMENTS = YES;
				CLANG_WARN_EMPTY_BODY = YES;
				CLANG_WARN_ENUM_CONVERSION = YES;
				CLANG_WARN_INFINITE_RECURSION = YES;
				CLANG_WARN_INT_CONVERSION = YES;
				CLANG_WARN_OBJC_ROOT_CLASS = YES_ERROR;
				CLANG_WARN_SUSPICIOUS_MOVE = YES;
				CLANG_WARN_UNREACHABLE_CODE = YES;
				CLANG_WARN__DUPLICATE_METHOD_MATCH = YES;
				"CODE_SIGN_IDENTITY[sdk=iphoneos*]" = "iPhone Developer";
				COPY_PHASE_STRIP = NO;
				DEBUG_INFORMATION_FORMAT = dwarf;
				ENABLE_STRICT_OBJC_MSGSEND = YES;
				ENABLE_TESTABILITY = YES;
				GCC_C_LANGUAGE_STANDARD = gnu99;
				GCC_DYNAMIC_NO_PIC = NO;
				GCC_NO_COMMON_BLOCKS = YES;
				GCC_OPTIMIZATION_LEVEL = 0;
				GCC_PREPROCESSOR_DEFINITIONS = (
					"DEBUG=1",
					"$(inherited)",
				);
				GCC_WARN_64_TO_32_BIT_CONVERSION = YES;
				GCC_WARN_ABOUT_RETURN_TYPE = YES_ERROR;
				GCC_WARN_UNDECLARED_SELECTOR = YES;
				GCC_WARN_UNINITIALIZED_AUTOS = YES_AGGRESSIVE;
				GCC_WARN_UNUSED_FUNCTION = YES;
				GCC_WARN_UNUSED_VARIABLE = YES;
				IPHONEOS_DEPLOYMENT_TARGET = 10.3;
				MTL_ENABLE_DEBUG_INFO = YES;
				ONLY_ACTIVE_ARCH = YES;
				SDKROOT = iphoneos;
				SWIFT_ACTIVE_COMPILATION_CONDITIONS = DEBUG;
				SWIFT_OPTIMIZATION_LEVEL = "-Onone";
				TARGETED_DEVICE_FAMILY = "1,2";
			};
			name = Debug;
		};
		30C167391FAC698A00E4289D /* Release */ = {
			isa = XCBuildConfiguration;
			buildSettings = {
				ALWAYS_SEARCH_USER_PATHS = NO;
				CLANG_ANALYZER_NONNULL = YES;
				CLANG_ANALYZER_NUMBER_OBJECT_CONVERSION = YES_AGGRESSIVE;
				CLANG_CXX_LANGUAGE_STANDARD = "gnu++0x";
				CLANG_CXX_LIBRARY = "libc++";
				CLANG_ENABLE_MODULES = YES;
				CLANG_ENABLE_OBJC_ARC = YES;
				CLANG_WARN_BOOL_CONVERSION = YES;
				CLANG_WARN_CONSTANT_CONVERSION = YES;
				CLANG_WARN_DIRECT_OBJC_ISA_USAGE = YES_ERROR;
				CLANG_WARN_DOCUMENTATION_COMMENTS = YES;
				CLANG_WARN_EMPTY_BODY = YES;
				CLANG_WARN_ENUM_CONVERSION = YES;
				CLANG_WARN_INFINITE_RECURSION = YES;
				CLANG_WARN_INT_CONVERSION = YES;
				CLANG_WARN_OBJC_ROOT_CLASS = YES_ERROR;
				CLANG_WARN_SUSPICIOUS_MOVE = YES;
				CLANG_WARN_UNREACHABLE_CODE = YES;
				CLANG_WARN__DUPLICATE_METHOD_MATCH = YES;
				"CODE_SIGN_IDENTITY[sdk=iphoneos*]" = "iPhone Developer";
				COPY_PHASE_STRIP = NO;
				DEBUG_INFORMATION_FORMAT = "dwarf-with-dsym";
				ENABLE_NS_ASSERTIONS = NO;
				ENABLE_STRICT_OBJC_MSGSEND = YES;
				GCC_C_LANGUAGE_STANDARD = gnu99;
				GCC_NO_COMMON_BLOCKS = YES;
				GCC_WARN_64_TO_32_BIT_CONVERSION = YES;
				GCC_WARN_ABOUT_RETURN_TYPE = YES_ERROR;
				GCC_WARN_UNDECLARED_SELECTOR = YES;
				GCC_WARN_UNINITIALIZED_AUTOS = YES_AGGRESSIVE;
				GCC_WARN_UNUSED_FUNCTION = YES;
				GCC_WARN_UNUSED_VARIABLE = YES;
				IPHONEOS_DEPLOYMENT_TARGET = 10.3;
				MTL_ENABLE_DEBUG_INFO = NO;
				SDKROOT = iphoneos;
				SWIFT_OPTIMIZATION_LEVEL = "-Owholemodule";
				TARGETED_DEVICE_FAMILY = "1,2";
				VALIDATE_PRODUCT = YES;
			};
			name = Release;
		};
		30C1673B1FAC698A00E4289D /* Debug */ = {
			isa = XCBuildConfiguration;
			buildSettings = {
				ASSETCATALOG_COMPILER_APPICON_NAME = AppIcon;
				DEVELOPMENT_TEAM = B2YA4S29RG;
				INFOPLIST_FILE = WebviewTest/Info.plist;
				LD_RUNPATH_SEARCH_PATHS = "$(inherited) @executable_path/Frameworks";
				PRODUCT_BUNDLE_IDENTIFIER = wayou.WebviewTest;
				PRODUCT_NAME = "$(TARGET_NAME)";
				SWIFT_VERSION = 3.0;
			};
			name = Debug;
		};
		30C1673C1FAC698A00E4289D /* Release */ = {
			isa = XCBuildConfiguration;
			buildSettings = {
				ASSETCATALOG_COMPILER_APPICON_NAME = AppIcon;
				DEVELOPMENT_TEAM = B2YA4S29RG;
				INFOPLIST_FILE = WebviewTest/Info.plist;
				LD_RUNPATH_SEARCH_PATHS = "$(inherited) @executable_path/Frameworks";
				PRODUCT_BUNDLE_IDENTIFIER = wayou.WebviewTest;
				PRODUCT_NAME = "$(TARGET_NAME)";
				SWIFT_VERSION = 3.0;
			};
			name = Release;
		};
		30C1673E1FAC698A00E4289D /* Debug */ = {
			isa = XCBuildConfiguration;
			buildSettings = {
				ALWAYS_EMBED_SWIFT_STANDARD_LIBRARIES = YES;
				BUNDLE_LOADER = "$(TEST_HOST)";
				DEVELOPMENT_TEAM = B2YA4S29RG;
				INFOPLIST_FILE = WebviewTestTests/Info.plist;
				LD_RUNPATH_SEARCH_PATHS = "$(inherited) @executable_path/Frameworks @loader_path/Frameworks";
				PRODUCT_BUNDLE_IDENTIFIER = wayou.WebviewTestTests;
				PRODUCT_NAME = "$(TARGET_NAME)";
				SWIFT_VERSION = 3.0;
				TEST_HOST = "$(BUILT_PRODUCTS_DIR)/WebviewTest.app/WebviewTest";
			};
			name = Debug;
		};
		30C1673F1FAC698A00E4289D /* Release */ = {
			isa = XCBuildConfiguration;
			buildSettings = {
				ALWAYS_EMBED_SWIFT_STANDARD_LIBRARIES = YES;
				BUNDLE_LOADER = "$(TEST_HOST)";
				DEVELOPMENT_TEAM = B2YA4S29RG;
				INFOPLIST_FILE = WebviewTestTests/Info.plist;
				LD_RUNPATH_SEARCH_PATHS = "$(inherited) @executable_path/Frameworks @loader_path/Frameworks";
				PRODUCT_BUNDLE_IDENTIFIER = wayou.WebviewTestTests;
				PRODUCT_NAME = "$(TARGET_NAME)";
				SWIFT_VERSION = 3.0;
				TEST_HOST = "$(BUILT_PRODUCTS_DIR)/WebviewTest.app/WebviewTest";
			};
			name = Release;
		};
		30C167411FAC698A00E4289D /* Debug */ = {
			isa = XCBuildConfiguration;
			buildSettings = {
				ALWAYS_EMBED_SWIFT_STANDARD_LIBRARIES = YES;
				DEVELOPMENT_TEAM = B2YA4S29RG;
				INFOPLIST_FILE = WebviewTestUITests/Info.plist;
				LD_RUNPATH_SEARCH_PATHS = "$(inherited) @executable_path/Frameworks @loader_path/Frameworks";
				PRODUCT_BUNDLE_IDENTIFIER = wayou.WebviewTestUITests;
				PRODUCT_NAME = "$(TARGET_NAME)";
				SWIFT_VERSION = 3.0;
				TEST_TARGET_NAME = WebviewTest;
			};
			name = Debug;
		};
		30C167421FAC698A00E4289D /* Release */ = {
			isa = XCBuildConfiguration;
			buildSettings = {
				ALWAYS_EMBED_SWIFT_STANDARD_LIBRARIES = YES;
				DEVELOPMENT_TEAM = B2YA4S29RG;
				INFOPLIST_FILE = WebviewTestUITests/Info.plist;
				LD_RUNPATH_SEARCH_PATHS = "$(inherited) @executable_path/Frameworks @loader_path/Frameworks";
				PRODUCT_BUNDLE_IDENTIFIER = wayou.WebviewTestUITests;
				PRODUCT_NAME = "$(TARGET_NAME)";
				SWIFT_VERSION = 3.0;
				TEST_TARGET_NAME = WebviewTest;
			};
			name = Release;
		};
/* End XCBuildConfiguration section */

/* Begin XCConfigurationList section */
		30C1670D1FAC698A00E4289D /* Build configuration list for PBXProject "WebviewTest" */ = {
			isa = XCConfigurationList;
			buildConfigurations = (
				30C167381FAC698A00E4289D /* Debug */,
				30C167391FAC698A00E4289D /* Release */,
			);
			defaultConfigurationIsVisible = 0;
			defaultConfigurationName = Release;
		};
		30C1673A1FAC698A00E4289D /* Build configuration list for PBXNativeTarget "WebviewTest" */ = {
			isa = XCConfigurationList;
			buildConfigurations = (
				30C1673B1FAC698A00E4289D /* Debug */,
				30C1673C1FAC698A00E4289D /* Release */,
			);
			defaultConfigurationIsVisible = 0;
		};
		30C1673D1FAC698A00E4289D /* Build configuration list for PBXNativeTarget "WebviewTestTests" */ = {
			isa = XCConfigurationList;
			buildConfigurations = (
				30C1673E1FAC698A00E4289D /* Debug */,
				30C1673F1FAC698A00E4289D /* Release */,
			);
			defaultConfigurationIsVisible = 0;
		};
		30C167401FAC698A00E4289D /* Build configuration list for PBXNativeTarget "WebviewTestUITests" */ = {
			isa = XCConfigurationList;
			buildConfigurations = (
				30C167411FAC698A00E4289D /* Debug */,
				30C167421FAC698A00E4289D /* Release */,
			);
			defaultConfigurationIsVisible = 0;
		};
/* End XCConfigurationList section */
	};
	rootObject = 30C1670A1FAC698A00E4289D /* Project object */;
}
